
Microsoft Visual Studio Solution File, Format Version 12.00
# Visual Studio Version 16
VisualStudioVersion = 16.0.29728.190
MinimumVisualStudioVersion = 10.0.40219.1
Project("{FAE04EC0-301F-11D3-BF4B-00C04F79EFBC}") = "TaxaSoft", "SoftTax\TaxaSoft.csproj", "{D76C3F5F-1209-4CEF-A399-B62B176BBA73}"
EndProject
Project("{FAE04EC0-301F-11D3-BF4B-00C04F79EFBC}") = "CalculoSoft", "CalculoSoft\CalculoSoft.csproj", "{A4A74A59-7E7B-4A49-8FB9-C43B33A977F9}"
EndProject
Project("{FAE04EC0-301F-11D3-BF4B-00C04F79EFBC}") = "TesteSoft", "TesteSoft\TesteSoft.csproj", "{B2B382A2-B33E-4B3B-AC44-6A6820BCFDA0}"
EndProject
Global
	GlobalSection(SolutionConfigurationPlatforms) = preSolution
		Debug|Any CPU = Debug|Any CPU
		Release|Any CPU = Release|Any CPU
	EndGlobalSection
	GlobalSection(ProjectConfigurationPlatforms) = postSolution
		{D76C3F5F-1209-4CEF-A399-B62B176BBA73}.Debug|Any CPU.ActiveCfg = Debug|Any CPU
		{D76C3F5F-1209-4CEF-A399-B62B176BBA73}.Debug|Any CPU.Build.0 = Debug|Any CPU
		{D76C3F5F-1209-4CEF-A399-B62B176BBA73}.Release|Any CPU.ActiveCfg = Release|Any CPU
		{D76C3F5F-1209-4CEF-A399-B62B176BBA73}.Release|Any CPU.Build.0 = Release|Any CPU
		{A4A74A59-7E7B-4A49-8FB9-C43B33A977F9}.Debug|Any CPU.ActiveCfg = Debug|Any CPU
		{A4A74A59-7E7B-4A49-8FB9-C43B33A977F9}.Debug|Any CPU.Build.0 = Debug|Any CPU
		{A4A74A59-7E7B-4A49-8FB9-C43B33A977F9}.Release|Any CPU.ActiveCfg = Release|Any CPU
		{A4A74A59-7E7B-4A49-8FB9-C43B33A977F9}.Release|Any CPU.Build.0 = Release|Any CPU
		{B2B382A2-B33E-4B3B-AC44-6A6820BCFDA0}.Debug|Any CPU.ActiveCfg = Debug|Any CPU
		{B2B382A2-B33E-4B3B-AC44-6A6820BCFDA0}.Debug|Any CPU.Build.0 = Debug|Any CPU
		{B2B382A2-B33E-4B3B-AC44-6A6820BCFDA0}.Release|Any CPU.ActiveCfg = Release|Any CPU
		{B2B382A2-B33E-4B3B-AC44-6A6820BCFDA0}.Release|Any CPU.Build.0 = Release|Any CPU
	EndGlobalSection
	GlobalSection(SolutionProperties) = preSolution
		HideSolutionNode = FALSE
	EndGlobalSection
	GlobalSection(ExtensibilityGlobals) = postSolution
		SolutionGuid = {B4D9EDEF-C0CF-4099-8508-CBE5FC72FBBC}
	EndGlobalSection
EndGlobal
